
Microsoft Visual Studio Solution File, Format Version 12.00
# Visual Studio Version 17
VisualStudioVersion = 17.4.33205.214
MinimumVisualStudioVersion = 10.0.40219.1
Project("{FAE04EC0-301F-11D3-BF4B-00C04F79EFBC}") = "AdventOfCode2015", "AdventOfCode2015\AdventOfCode2015.csproj", "{B2D7BCCE-2B9B-4DBF-9B4B-69B3A6B9CD95}"
EndProject
Global
	GlobalSection(SolutionConfigurationPlatforms) = preSolution
		Debug|Any CPU = Debug|Any CPU
		Release|Any CPU = Release|Any CPU
	EndGlobalSection
	GlobalSection(ProjectConfigurationPlatforms) = postSolution
		{B2D7BCCE-2B9B-4DBF-9B4B-69B3A6B9CD95}.Debug|Any CPU.ActiveCfg = Debug|Any CPU
		{B2D7BCCE-2B9B-4DBF-9B4B-69B3A6B9CD95}.Debug|Any CPU.Build.0 = Debug|Any CPU
		{B2D7BCCE-2B9B-4DBF-9B4B-69B3A6B9CD95}.Release|Any CPU.ActiveCfg = Release|Any CPU
		{B2D7BCCE-2B9B-4DBF-9B4B-69B3A6B9CD95}.Release|Any CPU.Build.0 = Release|Any CPU
	EndGlobalSection
	GlobalSection(SolutionProperties) = preSolution
		HideSolutionNode = FALSE
	EndGlobalSection
	GlobalSection(ExtensibilityGlobals) = postSolution
		SolutionGuid = {6E94B347-8712-4062-BBEE-8ED99D47E2E6}
	EndGlobalSection
EndGlobal
